
Microsoft Visual Studio Solution File, Format Version 12.00
# Visual Studio 15
VisualStudioVersion = 15.0.27703.2042
MinimumVisualStudioVersion = 10.0.40219.1
Project("{FAE04EC0-301F-11D3-BF4B-00C04F79EFBC}") = "MathHelper", "MathHelper\MathHelper.csproj", "{7599EAB6-8876-43AA-9F2F-99D3E20FBDBC}"
EndProject
Global
	GlobalSection(SolutionConfigurationPlatforms) = preSolution
		Debug|Any CPU = Debug|Any CPU
		Release|Any CPU = Release|Any CPU
	EndGlobalSection
	GlobalSection(ProjectConfigurationPlatforms) = postSolution
		{7599EAB6-8876-43AA-9F2F-99D3E20FBDBC}.Debug|Any CPU.ActiveCfg = Debug|Any CPU
		{7599EAB6-8876-43AA-9F2F-99D3E20FBDBC}.Debug|Any CPU.Build.0 = Debug|Any CPU
		{7599EAB6-8876-43AA-9F2F-99D3E20FBDBC}.Release|Any CPU.ActiveCfg = Release|Any CPU
		{7599EAB6-8876-43AA-9F2F-99D3E20FBDBC}.Release|Any CPU.Build.0 = Release|Any CPU
	EndGlobalSection
	GlobalSection(SolutionProperties) = preSolution
		HideSolutionNode = FALSE
	EndGlobalSection
	GlobalSection(ExtensibilityGlobals) = postSolution
		SolutionGuid = {DE0DD158-00A9-48BD-BFFE-2E2C8D369E66}
	EndGlobalSection
EndGlobal
